
Microsoft Visual Studio Solution File, Format Version 12.00
# Visual Studio Version 16
VisualStudioVersion = 16.0.29519.181
MinimumVisualStudioVersion = 10.0.40219.1
Project("{9A19103F-16F7-4668-BE54-9A1E7A4F7556}") = "Alembic", "Alembic\Alembic.csproj", "{D108B892-3691-45E6-876B-2B8DBC7AFCC3}"
EndProject
Project("{9A19103F-16F7-4668-BE54-9A1E7A4F7556}") = "Alembic.Docker", "Alembic.Docker\Alembic.Docker.csproj", "{FF038EAE-DEB4-436F-AE32-99D661B9E934}"
EndProject
Project("{9A19103F-16F7-4668-BE54-9A1E7A4F7556}") = "Alembic.Docker.Api", "Alembic.Docker.Api\Alembic.Docker.Api.csproj", "{006C9C82-6617-4180-B4C0-07DF8628019E}"
EndProject
Project("{9A19103F-16F7-4668-BE54-9A1E7A4F7556}") = "Alembic.Reporting", "Alembic.Reporting\Alembic.Reporting.csproj", "{3D974FC7-EBC3-4C57-843A-7E3C7EACD4B3}"
EndProject
Project("{9A19103F-16F7-4668-BE54-9A1E7A4F7556}") = "Alembic.Common", "Alembic.Common\Alembic.Common.csproj", "{46E4770F-EBA5-4FCA-8767-B186B9381756}"
EndProject
Project("{2150E333-8FDC-42A3-9474-1A3956D46DE8}") = ".docker", ".docker", "{4E627655-56D7-4B15-903B-397F32C9513B}"
	ProjectSection(SolutionItems) = preProject
		docker-compose.yml = docker-compose.yml
	EndProjectSection
EndProject
Global
	GlobalSection(SolutionConfigurationPlatforms) = preSolution
		Debug|Any CPU = Debug|Any CPU
		Release|Any CPU = Release|Any CPU
	EndGlobalSection
	GlobalSection(ProjectConfigurationPlatforms) = postSolution
		{D108B892-3691-45E6-876B-2B8DBC7AFCC3}.Debug|Any CPU.ActiveCfg = Debug|Any CPU
		{D108B892-3691-45E6-876B-2B8DBC7AFCC3}.Debug|Any CPU.Build.0 = Debug|Any CPU
		{D108B892-3691-45E6-876B-2B8DBC7AFCC3}.Release|Any CPU.ActiveCfg = Release|Any CPU
		{D108B892-3691-45E6-876B-2B8DBC7AFCC3}.Release|Any CPU.Build.0 = Release|Any CPU
		{FF038EAE-DEB4-436F-AE32-99D661B9E934}.Debug|Any CPU.ActiveCfg = Debug|Any CPU
		{FF038EAE-DEB4-436F-AE32-99D661B9E934}.Debug|Any CPU.Build.0 = Debug|Any CPU
		{FF038EAE-DEB4-436F-AE32-99D661B9E934}.Release|Any CPU.ActiveCfg = Release|Any CPU
		{FF038EAE-DEB4-436F-AE32-99D661B9E934}.Release|Any CPU.Build.0 = Release|Any CPU
		{006C9C82-6617-4180-B4C0-07DF8628019E}.Debug|Any CPU.ActiveCfg = Debug|Any CPU
		{006C9C82-6617-4180-B4C0-07DF8628019E}.Debug|Any CPU.Build.0 = Debug|Any CPU
		{006C9C82-6617-4180-B4C0-07DF8628019E}.Release|Any CPU.ActiveCfg = Release|Any CPU
		{006C9C82-6617-4180-B4C0-07DF8628019E}.Release|Any CPU.Build.0 = Release|Any CPU
		{3D974FC7-EBC3-4C57-843A-7E3C7EACD4B3}.Debug|Any CPU.ActiveCfg = Debug|Any CPU
		{3D974FC7-EBC3-4C57-843A-7E3C7EACD4B3}.Debug|Any CPU.Build.0 = Debug|Any CPU
		{3D974FC7-EBC3-4C57-843A-7E3C7EACD4B3}.Release|Any CPU.ActiveCfg = Release|Any CPU
		{3D974FC7-EBC3-4C57-843A-7E3C7EACD4B3}.Release|Any CPU.Build.0 = Release|Any CPU
		{46E4770F-EBA5-4FCA-8767-B186B9381756}.Debug|Any CPU.ActiveCfg = Debug|Any CPU
		{46E4770F-EBA5-4FCA-8767-B186B9381756}.Debug|Any CPU.Build.0 = Debug|Any CPU
		{46E4770F-EBA5-4FCA-8767-B186B9381756}.Release|Any CPU.ActiveCfg = Release|Any CPU
		{46E4770F-EBA5-4FCA-8767-B186B9381756}.Release|Any CPU.Build.0 = Release|Any CPU
	EndGlobalSection
	GlobalSection(SolutionProperties) = preSolution
		HideSolutionNode = FALSE
	EndGlobalSection
	GlobalSection(ExtensibilityGlobals) = postSolution
		SolutionGuid = {350C2F91-6605-49E4-9D56-7B51858A51DE}
	EndGlobalSection
EndGlobal
